
Microsoft Visual Studio Solution File, Format Version 12.00
# Visual Studio Version 16
VisualStudioVersion = 16.0.29020.237
MinimumVisualStudioVersion = 10.0.40219.1
Project("{FAE04EC0-301F-11D3-BF4B-00C04F79EFBC}") = "TengaiAssignment", "TengaiAssignment.csproj", "{3608FAF1-833C-47FA-9EA0-7BD88383492C}"
EndProject
Global
	GlobalSection(SolutionConfigurationPlatforms) = preSolution
		Debug|Any CPU = Debug|Any CPU
		Release|Any CPU = Release|Any CPU
	EndGlobalSection
	GlobalSection(ProjectConfigurationPlatforms) = postSolution
		{3608FAF1-833C-47FA-9EA0-7BD88383492C}.Debug|Any CPU.ActiveCfg = Debug|Any CPU
		{3608FAF1-833C-47FA-9EA0-7BD88383492C}.Debug|Any CPU.Build.0 = Debug|Any CPU
		{3608FAF1-833C-47FA-9EA0-7BD88383492C}.Release|Any CPU.ActiveCfg = Release|Any CPU
		{3608FAF1-833C-47FA-9EA0-7BD88383492C}.Release|Any CPU.Build.0 = Release|Any CPU
	EndGlobalSection
	GlobalSection(SolutionProperties) = preSolution
		HideSolutionNode = FALSE
	EndGlobalSection
	GlobalSection(ExtensibilityGlobals) = postSolution
		SolutionGuid = {8F35225A-41EC-4FBD-997B-AE3612E8BA58}
	EndGlobalSection
EndGlobal
